<?xml version="1.0" encoding="utf-8"?>
<Project ToolsVersion="4.0" xmlns="http://schemas.microsoft.com/developer/msbuild/2003">
  <ItemGroup>
    <Filter Include="Resource Files">
      <UniqueIdentifier>{67DA6AB6-F800-4c08-8B7A-83BB121AAD01}</UniqueIdentifier>
      <Extensions>rc;ico;cur;bmp;dlg;rc2;rct;bin;rgs;gif;jpg;jpeg;jpe;resx;tiff;tif;png;wav;mfcribbon-ms</Extensions>
    </Filter>
    <Filter Include="source_emC">
      <UniqueIdentifier>{4FC737F1-C7A5-4376-A066-2A32D752A2FF}</UniqueIdentifier>
      <Extensions>cpp;c;cc;cxx;def;odl;idl;hpj;bat;asm;asmx</Extensions>
    </Filter>
    <Filter Include="source_emC\emc_OSALwindows">
      <UniqueIdentifier>{1570051e-c4ed-4d10-9956-911120157248}</UniqueIdentifier>
    </Filter>
    <Filter Include="source_emC\emC_applSpec">
      <UniqueIdentifier>{21910dfc-1a49-4d68-a920-218b3ac82539}</UniqueIdentifier>
    </Filter>
    <Filter Include="source_emC\emC_Base">
      <UniqueIdentifier>{a5c717dd-290e-4bf9-ac68-bb7dde11486c}</UniqueIdentifier>
    </Filter>
    <Filter Include="source_emC\emC_Test">
      <UniqueIdentifier>{69678d7a-baf1-4816-a879-0093b220e1a0}</UniqueIdentifier>
    </Filter>
    <Filter Include="source_emC\emC_StateM">
      <UniqueIdentifier>{498a1317-8c60-404e-b1b1-02e4367e2457}</UniqueIdentifier>
    </Filter>
    <Filter Include="source_emC\test">
      <UniqueIdentifier>{3b8580fa-55ca-4e43-88e4-10fb923b33a5}</UniqueIdentifier>
    </Filter>
    <Filter Include="source_emC\emC_BlockHeap">
      <UniqueIdentifier>{7cff39da-af2e-4603-a160-5e3daaa9cc42}</UniqueIdentifier>
    </Filter>
    <Filter Include="source_emC\emC_J1c">
      <UniqueIdentifier>{b85aa68c-3918-46b8-ac69-46c2c5a6a101}</UniqueIdentifier>
    </Filter>
    <Filter Include="source_emC\emC_Ctrl">
      <UniqueIdentifier>{cb501a5d-2596-4133-b1e5-abbd4778d0b8}</UniqueIdentifier>
    </Filter>
    <Filter Include="source_emC\emC_Jc">
      <UniqueIdentifier>{bf126715-73e2-4c5e-8cd1-09a5ef55da92}</UniqueIdentifier>
    </Filter>
    <Filter Include="test_emC">
      <UniqueIdentifier>{1f7d2717-1329-4e27-8add-2b5f44a2993f}</UniqueIdentifier>
    </Filter>
    <Filter Include="test_emC\applstdef_C1">
      <UniqueIdentifier>{d0c65c1b-9f96-4e9f-b7c7-f35a37885e14}</UniqueIdentifier>
    </Filter>
    <Filter Include="test_emC\applstdef_CppObj">
      <UniqueIdentifier>{1add2993-6fa2-498c-9d36-860f87b8d8ab}</UniqueIdentifier>
    </Filter>
    <Filter Include="test_emC\emC_Test_ObjectJc">
      <UniqueIdentifier>{16c5e3e8-03f7-459d-b8ce-af5b596dafa2}</UniqueIdentifier>
    </Filter>
    <Filter Include="test_emC\emC_Test_Stacktrc_Exc">
      <UniqueIdentifier>{46f7b6f2-bf45-4ee4-9977-2ef6f3134a74}</UniqueIdentifier>
    </Filter>
    <Filter Include="test_emC\emC_TestAll">
      <UniqueIdentifier>{71b06dce-77d7-4525-af78-5353f37d91a8}</UniqueIdentifier>
    </Filter>
    <Filter Include="test_emC\emC_StringTest">
      <UniqueIdentifier>{f0b69444-694c-46c3-af4e-76ccdfd69a66}</UniqueIdentifier>
    </Filter>
    <Filter Include="test_emC\emC_Test_C_Cpp">
      <UniqueIdentifier>{b1ccfe43-6d35-459c-aeb5-84f42e6d3805}</UniqueIdentifier>
    </Filter>
    <Filter Include="test_emC\emC_BlockHeapTest">
      <UniqueIdentifier>{7407fd74-4f33-4f16-9c82-0c4af757443c}</UniqueIdentifier>
    </Filter>
    <Filter Include="test_emC\emC_Exmpl_Ctrl">
      <UniqueIdentifier>{5be7f69b-4771-4f37-ac5f-6443d0f346ee}</UniqueIdentifier>
    </Filter>
    <Filter Include="test_emC\emC_Exmpl_Ctrl\genRefl">
      <UniqueIdentifier>{8568cbe5-f568-4f30-8043-c9bfffa105fa}</UniqueIdentifier>
    </Filter>
    <Filter Include="test_emC\test_StateM">
      <UniqueIdentifier>{30fb7105-8b78-4939-9969-f61a1632931b}</UniqueIdentifier>
    </Filter>
    <Filter Include="source_emC\emC_OSAL">
      <UniqueIdentifier>{355f68c2-cbb2-4164-b066-58018da7f31b}</UniqueIdentifier>
    </Filter>
    <Filter Include="test_emC\emC_Test_Ctrl">
      <UniqueIdentifier>{882993e6-5fd9-4641-a638-e33fb2257d9b}</UniqueIdentifier>
    </Filter>
    <Filter Include="test_emC\emC_Test_CalcExpr">
      <UniqueIdentifier>{e4f29caf-e4ba-40c0-a92d-4384df0f906e}</UniqueIdentifier>
    </Filter>
  </ItemGroup>
  <ItemGroup>
    <ClCompile Include="..\..\..\main\cpp\src_emC\emC\Base\StringBase_emC.c">
      <Filter>source_emC\emC_Base</Filter>
    </ClCompile>
    <ClCompile Include="..\..\..\main\cpp\src_emC\emC\Base\MemC_emC.c">
      <Filter>source_emC\emC_Base</Filter>
    </ClCompile>
    <ClCompile Include="..\..\..\main\cpp\src_emC\emC_srcApplSpec\applConv\ExceptionPrintStacktrace_emC.c">
      <Filter>source_emC\emC_applSpec</Filter>
    </ClCompile>
    <ClCompile Include="..\..\..\main\cpp\src_emC\emC_srcOSALspec\osal_Windows\os_thread.c">
      <Filter>source_emC\emc_OSALwindows</Filter>
    </ClCompile>
    <ClCompile Include="..\..\..\main\cpp\src_emC\emC_srcApplSpec\applConv\ThreadContextUserBuffer_emC.c">
      <Filter>source_emC\emC_applSpec</Filter>
    </ClCompile>
    <ClCompile Include="..\..\..\main\cpp\src_emC\emC\Base\ReflectionBaseTypes_emC.c">
      <Filter>source_emC\emC_Base</Filter>
    </ClCompile>
    <ClCompile Include="..\..\..\main\cpp\src_emC\emC\Base\Object_emC.c">
      <Filter>source_emC\emC_Base</Filter>
    </ClCompile>
    <ClCompile Include="..\..\..\main\cpp\src_emC\emC\Base\Memfree_ThreadAndBlockHeap.c">
      <Filter>source_emC\emC_applSpec</Filter>
    </ClCompile>
    <ClCompile Include="..\..\..\main\cpp\src_emC\emC_srcOSALspec\osal_Windows\os_file.c">
      <Filter>source_emC\emc_OSALwindows</Filter>
    </ClCompile>
    <ClCompile Include="..\..\..\main\cpp\src_emC\emC_srcOSALspec\osal_Windows\os_mem.c">
      <Filter>source_emC\emc_OSALwindows</Filter>
    </ClCompile>
    <ClCompile Include="..\..\..\main\cpp\src_emC\emC_srcOSALspec\osal_Windows\os_mutex.c">
      <Filter>source_emC\emc_OSALwindows</Filter>
    </ClCompile>
    <ClCompile Include="..\..\..\main\cpp\src_emC\emC_srcOSALspec\osal_Windows\os_sharedmem.c">
      <Filter>source_emC\emc_OSALwindows</Filter>
    </ClCompile>
    <ClCompile Include="..\..\..\main\cpp\src_emC\emC_srcOSALspec\osal_Windows\os_time.c">
      <Filter>source_emC\emc_OSALwindows</Filter>
    </ClCompile>
    <ClCompile Include="..\..\..\main\cpp\src_emC\emC_srcApplSpec\SimpleNumCNoExc\ApplSimpleStop_emC.c">
      <Filter>source_emC\emC_applSpec</Filter>
    </ClCompile>
    <ClCompile Include="..\..\..\main\cpp\src_emC\emC\Base\Time_emC.c">
      <Filter>source_emC\emC_Base</Filter>
    </ClCompile>
    <ClCompile Include="..\..\..\main\cpp\src_emC\emC\Base\os_common.c">
      <Filter>source_emC\emC_Base</Filter>
    </ClCompile>
    <ClCompile Include="..\..\..\main\cpp\src_emC\emC\Test\testAssert_C.c">
      <Filter>source_emC\emC_Test</Filter>
    </ClCompile>
    <ClCompile Include="..\..\..\main\cpp\src_emC\emC\Base\CheckStack_emC.c">
      <Filter>source_emC\emC_Base</Filter>
    </ClCompile>
    <ClCompile Include="..\..\..\main\cpp\src_emC\emC\Base\DefPortTypes_emC.c">
      <Filter>source_emC\emC_Base</Filter>
    </ClCompile>
    <ClCompile Include="..\..\..\main\cpp\src_emC\emC\Base\Event_emC.c">
      <Filter>source_emC\emC_Base</Filter>
    </ClCompile>
    <ClCompile Include="..\..\..\main\cpp\src_emC\emC\Base\Formatter_emC.c">
      <Filter>source_emC\emC_Base</Filter>
    </ClCompile>
    <ClCompile Include="..\..\..\main\cpp\src_emC\emC\Base\Handle_ptr64_emC.c">
      <Filter>source_emC\emC_Base</Filter>
    </ClCompile>
    <ClCompile Include="..\..\..\main\cpp\src_emC\emC\Base\Handle_ptr64_TimeMeas_emC.c">
      <Filter>source_emC\emC_Base</Filter>
    </ClCompile>
    <ClCompile Include="..\..\..\main\cpp\src_emC\emC\Base\LogMessage_emC.c">
      <Filter>source_emC\emC_Base</Filter>
    </ClCompile>
    <ClCompile Include="..\..\..\main\cpp\src_emC\emC\Base\LogMsgStream_emC.c">
      <Filter>source_emC\emC_Base</Filter>
    </ClCompile>
    <ClCompile Include="..\..\..\main\cpp\src_emC\emC\Base\Object_RAMclass_emC.c">
      <Filter>source_emC\emC_Base</Filter>
    </ClCompile>
    <ClCompile Include="..\..\..\main\cpp\src_emC\emC\Base\ParseArgs_emC.c">
      <Filter>source_emC\emC_Base</Filter>
    </ClCompile>
    <ClCompile Include="..\..\..\main\cpp\src_emC\emC\Base\Readline_emC.c">
      <Filter>source_emC\emC_Base</Filter>
    </ClCompile>
    <ClCompile Include="..\..\..\main\cpp\src_emC\emC\Base\Reflection_emC.c">
      <Filter>source_emC\emC_Base</Filter>
    </ClCompile>
    <ClCompile Include="..\..\..\main\cpp\src_emC\emC\Base\SimpleC_emC.c">
      <Filter>source_emC\emC_Base</Filter>
    </ClCompile>
    <ClCompile Include="..\..\..\main\cpp\src_emC\emC\Base\String_emC.c">
      <Filter>source_emC\emC_Base</Filter>
    </ClCompile>
    <ClCompile Include="..\..\..\main\cpp\src_emC\emC\Base\StringBuilder_emC.c">
      <Filter>source_emC\emC_Base</Filter>
    </ClCompile>
    <ClCompile Include="..\..\..\main\cpp\src_emC\emC\Base\Timeconversions_emC.c">
      <Filter>source_emC\emC_Base</Filter>
    </ClCompile>
    <ClCompile Include="..\..\..\main\cpp\src_emC\emC\Base\VaArgBuffer_emC.c">
      <Filter>source_emC\emC_Base</Filter>
    </ClCompile>
    <ClCompile Include="..\..\..\main\cpp\src_emC\emC_srcOSALspec\osal_Windows_Msc15\os_atomic.c">
      <Filter>source_emC\emc_OSALwindows</Filter>
    </ClCompile>
    <ClCompile Include="..\..\..\main\cpp\src_emC\emC\StateM\evQueue.c">
      <Filter>source_emC\emC_StateM</Filter>
    </ClCompile>
    <ClCompile Include="..\..\..\main\cpp\src_emC\emC_srcApplSpec\applConv\ObjectJc_allocStartup_emC.c">
      <Filter>source_emC\emC_applSpec</Filter>
    </ClCompile>
    <ClCompile Include="..\..\..\main\cpp\src_emC\emC\Base\Assert_emC.c">
      <Filter>source_emC\emC_Base</Filter>
    </ClCompile>
    <ClCompile Include="..\..\..\main\cpp\src_emC\emC\Test\testAssert.cpp">
      <Filter>source_emC\emC_Test</Filter>
    </ClCompile>
    <ClCompile Include="..\..\..\main\cpp\src_emC\emC\StateM\StateFnCall_StateM_emC.c">
      <Filter>source_emC\emC_StateM</Filter>
    </ClCompile>
    <ClCompile Include="..\..\cpp\org\vishia\emC\StateM\test_StateM\testAll_StateM_emCBase.cpp">
      <Filter>test_emC\test_StateM</Filter>
    </ClCompile>
    <ClCompile Include="..\..\cpp\org\vishia\emC\StateM\test_StateM\testEventQueue.cpp">
      <Filter>test_emC\test_StateM</Filter>
    </ClCompile>
    <ClCompile Include="..\..\cpp\org\vishia\emC\StateM\test_StateM\testStateFncall_StateMemCBase.c">
      <Filter>test_emC\test_StateM</Filter>
    </ClCompile>
    <ClCompile Include="..\..\cpp\org\vishia\emC\StateM\test_StateM\tplGen_StateFncall_StateMemCBase.c">
      <Filter>test_emC\test_StateM</Filter>
    </ClCompile>
    <ClCompile Include="..\..\..\main\cpp\src_emC\emC\Base\StringCompactor_emC.c">
      <Filter>source_emC\emC_Base</Filter>
    </ClCompile>
    <ClCompile Include="..\..\..\main\cpp\src_emC\emC_srcApplSpec\applConv\LogException_emC.c">
      <Filter>source_emC\emC_applSpec</Filter>
    </ClCompile>
    <ClCompile Include="..\..\..\main\cpp\src_emC\emC\Base\ObjectJcpp_emC.cpp">
      <Filter>source_emC\emC_Base</Filter>
    </ClCompile>
    <ClCompile Include="..\..\..\main\cpp\src_emC\emC\BlockHeap\BlockHeapJc_Alloc.c">
      <Filter>source_emC\emC_BlockHeap</Filter>
    </ClCompile>
    <ClCompile Include="..\..\..\main\cpp\src_emC\emC\BlockHeap\BlockHeapJc_GarbageCol.c">
      <Filter>source_emC\emC_BlockHeap</Filter>
    </ClCompile>
    <ClCompile Include="..\..\..\main\cpp\src_emC\emC\BlockHeap\BlockHeapJc_References.c">
      <Filter>source_emC\emC_BlockHeap</Filter>
    </ClCompile>
    <ClCompile Include="..\..\..\main\cpp\src_emC\emC\BlockHeap\BlockHeapNoButDynCall.c">
      <Filter>source_emC\emC_BlockHeap</Filter>
    </ClCompile>
    <ClCompile Include="..\..\..\main\cpp\src_emC\emC\BlockHeap\Reflection_BlockHeap.c">
      <Filter>source_emC\emC_BlockHeap</Filter>
    </ClCompile>
    <ClCompile Include="..\..\cpp\emC_Test_C_Cpp\test_C_Cpp_TestemC.c">
      <Filter>test_emC\emC_Test_C_Cpp</Filter>
    </ClCompile>
    <ClCompile Include="..\..\cpp\emC_Test_C_Cpp\test_C_Cpp_TestemC_B.c">
      <Filter>test_emC\emC_Test_C_Cpp</Filter>
    </ClCompile>
    <ClCompile Include="..\..\cpp\emC_Test_C_Cpp\InitComposite_C_CPP_TestemC.cpp">
      <Filter>test_emC\emC_Test_C_Cpp</Filter>
    </ClCompile>
    <ClCompile Include="..\..\..\main\cpp\src_emC\emC\Jc\LinkedListJc.c">
      <Filter>source_emC\emC_Jc</Filter>
    </ClCompile>
    <ClCompile Include="..\..\..\main\cpp\src_emC\emC\Jc\LocaleJc.c">
      <Filter>source_emC\emC_Jc</Filter>
    </ClCompile>
    <ClCompile Include="..\..\..\main\cpp\src_emC\emC\Jc\MathJc.c">
      <Filter>source_emC\emC_Jc</Filter>
    </ClCompile>
    <ClCompile Include="..\..\..\main\cpp\src_emC\emC\Jc\ObjectJc.c">
      <Filter>source_emC\emC_Jc</Filter>
    </ClCompile>
    <ClCompile Include="..\..\..\main\cpp\src_emC\emC\J1c\ByteDataAccessBaseJc.c">
      <Filter>source_emC\emC_J1c</Filter>
    </ClCompile>
    <ClCompile Include="..\..\cpp\emC_Test_C_Cpp\TestVtblExplicit.cpp">
      <Filter>test_emC\emC_Test_C_Cpp</Filter>
    </ClCompile>
    <ClCompile Include="..\..\cpp\emC_TestAll\testSpecialMain.cpp">
      <Filter>test_emC\emC_TestAll</Filter>
    </ClCompile>
    <ClCompile Include="..\..\cpp\emC_Test_C_Cpp\main_test_C_Cpp.cpp">
      <Filter>test_emC\emC_Test_C_Cpp</Filter>
    </ClCompile>
    <ClCompile Include="..\..\cpp\emC_TestAll\testmain.cpp">
      <Filter>test_emC\emC_TestAll</Filter>
    </ClCompile>
    <ClCompile Include="..\..\cpp\emC_BlockHeapTest\BlockHeapTest_emC.cpp">
      <Filter>test_emC\emC_BlockHeapTest</Filter>
    </ClCompile>
    <ClCompile Include="..\..\cpp\emC_StringTest\StringTest_emC.c">
      <Filter>test_emC\emC_StringTest</Filter>
    </ClCompile>
    <ClCompile Include="..\..\cpp\emC_Test_ObjectJc\test_ObjectJcpp.cpp">
      <Filter>test_emC\emC_Test_ObjectJc</Filter>
    </ClCompile>
    <ClCompile Include="..\..\cpp\emC_Test_ObjectJc\testAll_ObjectJcpp_emCBase.cpp">
      <Filter>test_emC\emC_Test_ObjectJc</Filter>
    </ClCompile>
    <ClCompile Include="..\..\cpp\emC_Test_Stacktrc_Exc\testAll_Stacktrc_Exc_emCBase.cpp">
      <Filter>test_emC\emC_Test_Stacktrc_Exc</Filter>
    </ClCompile>
    <ClCompile Include="..\..\cpp\emC_Test_Stacktrc_Exc\testAllocInThCxt.cpp">
      <Filter>test_emC\emC_Test_Stacktrc_Exc</Filter>
    </ClCompile>
    <ClCompile Include="..\..\cpp\emC_Test_Stacktrc_Exc\testLongjmp.cpp">
      <Filter>test_emC\emC_Test_Stacktrc_Exc</Filter>
    </ClCompile>
    <ClCompile Include="..\..\cpp\emC_Test_ObjectJc\test_ObjectJc.c">
      <Filter>test_emC\emC_Test_ObjectJc</Filter>
    </ClCompile>
    <ClCompile Include="..\..\cpp\emC_Test_ObjectJc\testMain_ObjectJc.c">
      <Filter>test_emC\emC_Test_ObjectJc</Filter>
    </ClCompile>
    <ClCompile Include="..\..\cpp\emC_Test_C_Cpp\TestVtbl_virtual.cpp">
      <Filter>test_emC\emC_Test_C_Cpp</Filter>
    </ClCompile>
    <ClCompile Include="..\..\cpp\emC_Exmpl_Ctrl\Test_Ctrl.c">
      <Filter>test_emC\emC_Exmpl_Ctrl</Filter>
    </ClCompile>
    <ClCompile Include="..\..\cpp\emC_Exmpl_Ctrl\genRefl\emC_Exmpl_Ctrl.reflOffs.c">
      <Filter>test_emC\emC_Exmpl_Ctrl\genRefl</Filter>
    </ClCompile>
    <ClCompile Include="..\..\..\main\cpp\src_emC\emC\Jc\OsWrapperJc.c">
      <Filter>source_emC\emC_Jc</Filter>
    </ClCompile>
    <ClCompile Include="..\..\cpp\emC_Test_C_Cpp\test_stdArray.cpp">
      <Filter>test_emC\emC_Test_C_Cpp</Filter>
    </ClCompile>
    <ClCompile Include="..\..\..\main\cpp\src_emC\emC\Base\Exception_emC.c">
      <Filter>source_emC\emC_Base</Filter>
    </ClCompile>
    <ClCompile Include="..\..\..\main\cpp\src_emC\emC_srcOSALspec\osal_Windows\os_keyboard.c">
      <Filter>source_emC\emc_OSALwindows</Filter>
    </ClCompile>
    <ClCompile Include="..\..\..\main\cpp\src_emC\emC_srcOSALspec\osal_Windows\os_socket.c">
      <Filter>source_emC\emc_OSALwindows</Filter>
    </ClCompile>
    <ClCompile Include="..\..\..\main\cpp\src_emC\emC_srcOSALspec\osal_Windows\os_sync.c">
      <Filter>source_emC\emc_OSALwindows</Filter>
    </ClCompile>
    <ClCompile Include="..\..\..\main\cpp\src_emC\emC\Base\ExceptionCpp_emC.cpp">
      <Filter>source_emC\emC_Base</Filter>
    </ClCompile>
    <ClCompile Include="..\..\..\main\cpp\src_emC\emC\Jc\StringJc.c">
      <Filter>source_emC\emC_Jc</Filter>
    </ClCompile>
    <ClCompile Include="..\..\cpp\emC_Test_Stacktrc_Exc\TestException.cpp">
      <Filter>test_emC\emC_Test_Stacktrc_Exc</Filter>
    </ClCompile>
    <ClCompile Include="..\..\cpp\emC_TestAll\outTestConditions.c">
      <Filter>test_emC\emC_TestAll</Filter>
    </ClCompile>
    <ClCompile Include="..\..\..\main\cpp\src_emC\emC\Ctrl\PIDi_Ctrl_emC.c">
      <Filter>source_emC\emC_Ctrl</Filter>
    </ClCompile>
    <ClCompile Include="..\..\..\main\cpp\src_emC\emC\Ctrl\PIDf_Ctrl_emC.c">
      <Filter>source_emC\emC_Ctrl</Filter>
    </ClCompile>
    <ClCompile Include="..\..\..\main\cpp\src_emC\emC\Base\ObjectSimple_emC.c">
      <Filter>source_emC\emC_Base</Filter>
    </ClCompile>
    <ClCompile Include="..\..\cpp\emC_Test_Ctrl\test_PIDi_Ctrl.c">
      <Filter>test_emC\emC_Test_Ctrl</Filter>
    </ClCompile>
    <ClCompile Include="..\..\cpp\emC_Test_Ctrl\test_T1i_Ctrl.c">
      <Filter>test_emC\emC_Test_Ctrl</Filter>
    </ClCompile>
    <ClCompile Include="..\..\..\main\cpp\src_emC\emC\Ctrl\T1f_Ctrl_emC.c">
      <Filter>source_emC\emC_Ctrl</Filter>
    </ClCompile>
    <ClCompile Include="..\..\..\main\cpp\src_emC\emC\Ctrl\T1i_Ctrl_emC.c">
      <Filter>source_emC\emC_Ctrl</Filter>
    </ClCompile>
    <ClCompile Include="..\..\cpp\emC_TestAll\testBasics.cpp">
      <Filter>test_emC\emC_TestAll</Filter>
    </ClCompile>
    <ClCompile Include="..\..\..\main\cpp\src_emC\emC\Ctrl\Angle_Ctrl_emC.c">
      <Filter>source_emC\emC_Ctrl</Filter>
    </ClCompile>
    <ClCompile Include="..\..\..\main\cpp\src_emC\emC\Ctrl\OrthOsc_Ctrl_emC.c">
      <Filter>source_emC\emC_Ctrl</Filter>
    </ClCompile>
    <ClCompile Include="..\..\..\main\cpp\src_emC\emC\Ctrl\WaveMng_Ctrl_emC.c">
      <Filter>source_emC\emC_Ctrl</Filter>
    </ClCompile>
    <ClCompile Include="..\..\cpp\emC_Test_ObjectJc\test_ObjectJc_Mutex.c">
      <Filter>test_emC\emC_Test_ObjectJc</Filter>
    </ClCompile>
    <ClCompile Include="..\..\cpp\emC_Test_C_Cpp\test_Cpp_Tpl.cpp">
      <Filter>test_emC\emC_Test_C_Cpp</Filter>
    </ClCompile>
    <ClCompile Include="..\..\cpp\emC_Test_C_Cpp\test_Cpp_Tpl_impl.cpp">
      <Filter>test_emC\emC_Test_C_Cpp</Filter>
    </ClCompile>
    <ClCompile Include="..\..\..\main\cpp\src_emC\emC\Ctrl\CalcExpr.c">
      <Filter>source_emC\emC_Ctrl</Filter>
    </ClCompile>
    <ClCompile Include="..\..\..\main\cpp\src_emC\emC\J1c\InfoFormattedAppendJc.c">
      <Filter>source_emC\emC_Jc</Filter>
    </ClCompile>
    <ClCompile Include="..\..\..\main\cpp\src_emC\emC\J1c\SpecialCharStringsJc.c">
      <Filter>source_emC\emC_Jc</Filter>
    </ClCompile>
    <ClCompile Include="..\..\..\main\cpp\src_emC\emC\J1c\StringPartJc.c">
      <Filter>source_emC\emC_J1c</Filter>
    </ClCompile>
    <ClCompile Include="..\..\..\main\cpp\src_emC\emC\J1c\StringPartScanJc.c">
      <Filter>source_emC\emC_J1c</Filter>
    </ClCompile>
    <ClCompile Include="..\..\..\main\cpp\src_emC\emC\J1c\LeapSecondsJc.c">
      <Filter>source_emC\emC_J1c</Filter>
    </ClCompile>
    <ClCompile Include="..\..\..\main\cpp\src_emC\emC\J1c\StringFormatterJc.c">
      <Filter>source_emC\emC_J1c</Filter>
    </ClCompile>
    <ClCompile Include="..\..\..\main\cpp\src_emC\emC\J1c\StringFunctions_BJc.c">
      <Filter>source_emC\emC_J1c</Filter>
    </ClCompile>
    <ClCompile Include="..\..\..\main\cpp\src_emC\emC\J1c\StringFunctions_CJc.c">
      <Filter>source_emC\emC_J1c</Filter>
    </ClCompile>
    <ClCompile Include="..\..\..\main\cpp\src_emC\emC\J1c\StringFunctionsJc.c">
      <Filter>source_emC\emC_J1c</Filter>
    </ClCompile>
    <ClCompile Include="..\..\..\main\cpp\src_emC\emC\Jc\StringBufferJc.c">
      <Filter>source_emC\emC_Jc</Filter>
    </ClCompile>
    <ClCompile Include="..\..\..\main\cpp\src_emC\emC\Jc\StringValueConvJc.c">
      <Filter>source_emC\emC_Jc</Filter>
    </ClCompile>
    <ClCompile Include="..\..\..\main\cpp\src_emC\emC\Jc\ReflectionBasetypesJc.c">
      <Filter>source_emC\emC_Jc</Filter>
    </ClCompile>
    <ClCompile Include="..\..\cpp\emC_Test_CalcExpr\Calculator_test.c">
      <Filter>test_emC\emC_Test_CalcExpr</Filter>
    </ClCompile>
    <ClCompile Include="..\..\..\main\cpp\src_emC\emC\Ctrl\CalcExpr_Parse.cpp">
      <Filter>source_emC\emC_Ctrl</Filter>
    </ClCompile>
  </ItemGroup>
  <ItemGroup>
    <ClInclude Include="..\..\..\main\cpp\src_emC\emC\Base\MemC_emC.h">
      <Filter>source_emC\emC_Base</Filter>
    </ClInclude>
    <ClInclude Include="..\..\..\main\cpp\src_emC\emC\Base\SimpleC_emC.h">
      <Filter>source_emC\emC_Base</Filter>
    </ClInclude>
    <ClInclude Include="..\..\..\main\cpp\src_emC\emC\Base\Time_emC.h">
      <Filter>source_emC\emC_Base</Filter>
    </ClInclude>
    <ClInclude Include="..\..\..\main\cpp\src_emC\emC\Base\Object_emC.h">
      <Filter>source_emC\emC_Base</Filter>
    </ClInclude>
    <ClInclude Include="..\..\..\main\cpp\src_emC\emC\Test\testAssert.h">
      <Filter>source_emC\emC_Test</Filter>
    </ClInclude>
    <ClInclude Include="..\..\..\main\cpp\src_emC\emC\Base\CheckStack_emC.h">
      <Filter>source_emC\emC_Base</Filter>
    </ClInclude>
    <ClInclude Include="..\..\..\main\cpp\src_emC\emC\Base\DefPortTypes_emC.h">
      <Filter>source_emC\emC_Base</Filter>
    </ClInclude>
    <ClInclude Include="..\..\..\main\cpp\src_emC\emC\Base\Event_emC.h">
      <Filter>source_emC\emC_Base</Filter>
    </ClInclude>
    <ClInclude Include="..\..\..\main\cpp\src_emC\emC\Base\ExcThCxtBase_emC.h">
      <Filter>source_emC\emC_Base</Filter>
    </ClInclude>
    <ClInclude Include="..\..\..\main\cpp\src_emC\emC\Base\Formatter_emC.h">
      <Filter>source_emC\emC_Base</Filter>
    </ClInclude>
    <ClInclude Include="..\..\..\main\cpp\src_emC\emC\Base\Handle_ptr64_emC.h">
      <Filter>source_emC\emC_Base</Filter>
    </ClInclude>
    <ClInclude Include="..\..\..\main\cpp\src_emC\emC\Base\Handle_ptr64_TimeMeas_emC.h">
      <Filter>source_emC\emC_Base</Filter>
    </ClInclude>
    <ClInclude Include="..\..\..\main\cpp\src_emC\emC\Base\LogMessage_emC.h">
      <Filter>source_emC\emC_Base</Filter>
    </ClInclude>
    <ClInclude Include="..\..\..\main\cpp\src_emC\emC\Base\ParseArgs_emC.h">
      <Filter>source_emC\emC_Base</Filter>
    </ClInclude>
    <ClInclude Include="..\..\..\main\cpp\src_emC\emC\Base\Readline_emC.h">
      <Filter>source_emC\emC_Base</Filter>
    </ClInclude>
    <ClInclude Include="..\..\..\main\cpp\src_emC\emC\Base\StateMachine_emC.h">
      <Filter>source_emC\emC_Base</Filter>
    </ClInclude>
    <ClInclude Include="..\..\..\main\cpp\src_emC\emC\Base\SystemInit_emC.h">
      <Filter>source_emC\emC_Base</Filter>
    </ClInclude>
    <ClInclude Include="..\..\..\main\cpp\src_emC\emC\Base\Timeconversions_emC.h">
      <Filter>source_emC\emC_Base</Filter>
    </ClInclude>
    <ClInclude Include="..\..\..\main\cpp\src_emC\emC\Base\Va_list_emC.h">
      <Filter>source_emC\emC_Base</Filter>
    </ClInclude>
    <ClInclude Include="..\..\..\main\cpp\src_emC\emC\Base\VaArgBuffer_emC.h">
      <Filter>source_emC\emC_Base</Filter>
    </ClInclude>
    <ClInclude Include="..\..\..\main\cpp\src_emC\emC\StateM\evQueue.h">
      <Filter>source_emC\emC_StateM</Filter>
    </ClInclude>
    <ClInclude Include="..\..\..\main\cpp\src_emC\emC\StateM\StateFnCall_StateM_emC.h">
      <Filter>source_emC\emC_StateM</Filter>
    </ClInclude>
    <ClInclude Include="..\..\cpp\org\vishia\emC\StateM\test_StateM\testAll_StateM_emCBase.h">
      <Filter>test_emC\test_StateM</Filter>
    </ClInclude>
    <ClInclude Include="..\..\cpp\org\vishia\emC\StateM\test_StateM\testEventQueue.h">
      <Filter>test_emC\test_StateM</Filter>
    </ClInclude>
    <ClInclude Include="..\..\cpp\org\vishia\emC\StateM\test_StateM\testStateFncall_StateMemCBase.h">
      <Filter>test_emC\test_StateM</Filter>
    </ClInclude>
    <ClInclude Include="..\..\cpp\org\vishia\emC\StateM\test_StateM\tplGen_StateFncall_StateMemCBase.h">
      <Filter>test_emC\test_StateM</Filter>
    </ClInclude>
    <ClInclude Include="..\..\..\main\cpp\src_emC\emC\Base\String_emC.h">
      <Filter>source_emC\emC_Base</Filter>
    </ClInclude>
    <ClInclude Include="..\..\..\main\cpp\src_emC\emC\BlockHeap\BlockHeap_emC.h">
      <Filter>source_emC\emC_BlockHeap</Filter>
    </ClInclude>
    <ClInclude Include="..\..\..\main\cpp\src_emC\emC\BlockHeap\BlockHeapJc_admin.h">
      <Filter>source_emC\emC_BlockHeap</Filter>
    </ClInclude>
    <ClInclude Include="..\..\..\main\cpp\src_emC\emC\BlockHeap\BlockHeapJc_internal.h">
      <Filter>source_emC\emC_BlockHeap</Filter>
    </ClInclude>
    <ClInclude Include="..\..\..\main\cpp\src_emC\emC\BlockHeap\Reflection_BlockHeap.h">
      <Filter>source_emC\emC_BlockHeap</Filter>
    </ClInclude>
    <ClInclude Include="..\..\..\main\cpp\src_emC\emC\Base\Assert_emC.h">
      <Filter>source_emC\emC_Base</Filter>
    </ClInclude>
    <ClInclude Include="..\..\cpp\emC_Test_C_Cpp\InitComposite_C_CPP_TestemC.h">
      <Filter>test_emC\emC_Test_C_Cpp</Filter>
    </ClInclude>
    <ClInclude Include="..\..\cpp\emC_Test_C_Cpp\test_C_Cpp_TestemC.h">
      <Filter>test_emC\emC_Test_C_Cpp</Filter>
    </ClInclude>
    <ClInclude Include="..\..\..\main\cpp\src_emC\emC\Jc\LinkedListJc.h">
      <Filter>source_emC\emC_Jc</Filter>
    </ClInclude>
    <ClInclude Include="..\..\..\main\cpp\src_emC\emC\Jc\ListIteratorJc.h">
      <Filter>source_emC\emC_Jc</Filter>
    </ClInclude>
    <ClInclude Include="..\..\..\main\cpp\src_emC\emC\Jc\ListJc.h">
      <Filter>source_emC\emC_Jc</Filter>
    </ClInclude>
    <ClInclude Include="..\..\..\main\cpp\src_emC\emC\Jc\ListMapEntryJc.h">
      <Filter>source_emC\emC_Jc</Filter>
    </ClInclude>
    <ClInclude Include="..\..\..\main\cpp\src_emC\emC\Jc\LocaleJc.h">
      <Filter>source_emC\emC_Jc</Filter>
    </ClInclude>
    <ClInclude Include="..\..\..\main\cpp\src_emC\emC\Jc\MathJc.h">
      <Filter>source_emC\emC_Jc</Filter>
    </ClInclude>
    <ClInclude Include="..\..\..\main\cpp\src_emC\emC\Jc\ObjectJc.h">
      <Filter>source_emC\emC_Jc</Filter>
    </ClInclude>
    <ClInclude Include="..\..\..\main\cpp\src_emC\emC\J1c\ByteDataAccessBaseJc.h">
      <Filter>source_emC\emC_J1c</Filter>
    </ClInclude>
    <ClInclude Include="..\..\cpp\emC_Test_C_Cpp\TestVtblExplicit.h">
      <Filter>test_emC\emC_Test_C_Cpp</Filter>
    </ClInclude>
    <ClInclude Include="..\..\cpp\emC_BlockHeapTest\BlockHeapTest_emC.h">
      <Filter>test_emC\emC_BlockHeapTest</Filter>
    </ClInclude>
    <ClInclude Include="..\..\cpp\emC_StringTest\StringTest_emC.h">
      <Filter>test_emC\emC_StringTest</Filter>
    </ClInclude>
    <ClInclude Include="..\..\cpp\emC_Test_ObjectJc\test_ObjectJcpp.h">
      <Filter>test_emC\emC_Test_ObjectJc</Filter>
    </ClInclude>
    <ClInclude Include="..\..\cpp\emC_Test_ObjectJc\testAll_ObjectJcpp_emCBase.h">
      <Filter>test_emC\emC_Test_ObjectJc</Filter>
    </ClInclude>
    <ClInclude Include="..\..\cpp\emC_Test_Stacktrc_Exc\testAll_Stacktrc_Exc_emCBase.h">
      <Filter>test_emC\emC_Test_Stacktrc_Exc</Filter>
    </ClInclude>
    <ClInclude Include="..\..\cpp\emC_Test_Stacktrc_Exc\testAllocInThCxt.h">
      <Filter>test_emC\emC_Test_Stacktrc_Exc</Filter>
    </ClInclude>
    <ClInclude Include="..\..\cpp\emC_Test_Stacktrc_Exc\testLongjmp.h">
      <Filter>test_emC\emC_Test_Stacktrc_Exc</Filter>
    </ClInclude>
    <ClInclude Include="..\..\cpp\emC_Test_ObjectJc\test_ObjectJc.h">
      <Filter>test_emC\emC_Test_ObjectJc</Filter>
    </ClInclude>
    <ClInclude Include="applstdef_C1\applstdef_emC.h">
      <Filter>test_emC\applstdef_C1</Filter>
    </ClInclude>
    <ClInclude Include="..\..\cpp\emC_Exmpl_Ctrl\applstdef_emC.h">
      <Filter>test_emC\emC_Exmpl_Ctrl</Filter>
    </ClInclude>
    <ClInclude Include="..\..\cpp\emC_Exmpl_Ctrl\Test_Ctrl.h">
      <Filter>test_emC\emC_Exmpl_Ctrl</Filter>
    </ClInclude>
    <ClInclude Include="..\..\cpp\emC_Exmpl_Ctrl\genRefl\emC_Exmpl_Ctrl.reflOffs.h">
      <Filter>test_emC\emC_Exmpl_Ctrl\genRefl</Filter>
    </ClInclude>
    <ClInclude Include="..\..\..\main\cpp\src_emC\emC\Jc\OsWrapperJc.h">
      <Filter>source_emC\emC_Jc</Filter>
    </ClInclude>
    <ClInclude Include="..\..\cpp\emC_Test_C_Cpp\test_stdArray.h">
      <Filter>test_emC\emC_Test_C_Cpp</Filter>
    </ClInclude>
    <ClInclude Include="..\..\..\main\cpp\src_emC\emC\Base\types_def_common.h">
      <Filter>source_emC\emC_Base</Filter>
    </ClInclude>
    <ClInclude Include="..\..\..\main\cpp\src_emC\emC\Base\Exception_emC.h">
      <Filter>source_emC\emC_Base</Filter>
    </ClInclude>
    <ClInclude Include="..\..\..\main\cpp\src_emC\emC_srcOSALspec\osal_Windows\os_internal.h">
      <Filter>source_emC\emc_OSALwindows</Filter>
    </ClInclude>
    <ClInclude Include="..\..\cpp\emC_Test_Stacktrc_Exc\TestException.h">
      <Filter>test_emC\emC_Test_Stacktrc_Exc</Filter>
    </ClInclude>
    <ClInclude Include="applstdef_CppObj\applstdef_emC.h">
      <Filter>test_emC\applstdef_CppObj</Filter>
    </ClInclude>
    <ClInclude Include="..\..\..\main\cpp\src_emC\emC\Base\Array_emC.h">
      <Filter>source_emC\emC_Base</Filter>
    </ClInclude>
    <ClInclude Include="..\..\..\main\cpp\src_emC\emC\Base\ExcThreadCxt_emC.h">
      <Filter>source_emC\emC_Base</Filter>
    </ClInclude>
    <ClInclude Include="..\..\..\main\cpp\src_emC\emC\Jc\StringJc.h">
      <Filter>source_emC\emC_Jc</Filter>
    </ClInclude>
    <ClInclude Include="..\..\..\main\cpp\src_emC\emC\OSAL\os_AtomicAccess.h">
      <Filter>source_emC\emC_OSAL</Filter>
    </ClInclude>
    <ClInclude Include="..\..\..\main\cpp\src_emC\emC\OSAL\os_endian.h">
      <Filter>source_emC\emC_OSAL</Filter>
    </ClInclude>
    <ClInclude Include="..\..\..\main\cpp\src_emC\emC\OSAL\os_error.h">
      <Filter>source_emC\emC_OSAL</Filter>
    </ClInclude>
    <ClInclude Include="..\..\..\main\cpp\src_emC\emC\OSAL\os_file.h">
      <Filter>source_emC\emC_OSAL</Filter>
    </ClInclude>
    <ClInclude Include="..\..\..\main\cpp\src_emC\emC\OSAL\os_keyboard.h">
      <Filter>source_emC\emC_OSAL</Filter>
    </ClInclude>
    <ClInclude Include="..\..\..\main\cpp\src_emC\emC\OSAL\os_mem.h">
      <Filter>source_emC\emC_OSAL</Filter>
    </ClInclude>
    <ClInclude Include="..\..\..\main\cpp\src_emC\emC\OSAL\os_sharedmem.h">
      <Filter>source_emC\emC_OSAL</Filter>
    </ClInclude>
    <ClInclude Include="..\..\..\main\cpp\src_emC\emC\OSAL\os_socket.h">
      <Filter>source_emC\emC_OSAL</Filter>
    </ClInclude>
    <ClInclude Include="..\..\..\main\cpp\src_emC\emC\OSAL\os_sync.h">
      <Filter>source_emC\emC_OSAL</Filter>
    </ClInclude>
    <ClInclude Include="..\..\..\main\cpp\src_emC\emC\OSAL\os_thread.h">
      <Filter>source_emC\emC_OSAL</Filter>
    </ClInclude>
    <ClInclude Include="..\..\..\main\cpp\src_emC\emC\OSAL\os_time.h">
      <Filter>source_emC\emC_OSAL</Filter>
    </ClInclude>
    <ClInclude Include="..\..\..\main\cpp\src_emC\emC\OSAL\os_waitnotify.h">
      <Filter>source_emC\emC_OSAL</Filter>
    </ClInclude>
    <ClInclude Include="..\..\..\main\cpp\src_emC\emC\Ctrl\PIDi_Ctrl_emC.h">
      <Filter>source_emC\emC_Ctrl</Filter>
    </ClInclude>
    <ClInclude Include="..\..\..\main\cpp\src_emC\emC\Base\ObjectSimple_emC.h">
      <Filter>source_emC\emC_Base</Filter>
    </ClInclude>
    <ClInclude Include="..\..\..\main\cpp\src_emC\emC\Base\StringBase_emc.h">
      <Filter>source_emC\emC_Base</Filter>
    </ClInclude>
    <ClInclude Include="..\..\..\main\cpp\src_emC\emC\Ctrl\PIDf_Ctrl_emC.h">
      <Filter>source_emC\emC_Ctrl</Filter>
    </ClInclude>
    <ClInclude Include="..\..\cpp\emC_Test_Ctrl\test_PIDi_Ctrl.h">
      <Filter>test_emC\emC_Test_Ctrl</Filter>
    </ClInclude>
    <ClInclude Include="..\..\..\main\cpp\src_emC\emC\Ctrl\T1_Ctrl_emC.h">
      <Filter>source_emC\emC_Ctrl</Filter>
    </ClInclude>
    <ClInclude Include="..\..\cpp\emC_Test_Ctrl\test_Ctrl_emC.h">
      <Filter>test_emC\emC_Test_Ctrl</Filter>
    </ClInclude>
    <ClInclude Include="..\..\..\main\cpp\src_emC\emC\Ctrl\Angle_Ctrl_emC.h">
      <Filter>source_emC\emC_Ctrl</Filter>
    </ClInclude>
    <ClInclude Include="..\..\..\main\cpp\src_emC\emC\Ctrl\OrthOsc_Ctrl_emC.h">
      <Filter>source_emC\emC_Ctrl</Filter>
    </ClInclude>
    <ClInclude Include="..\..\..\main\cpp\src_emC\emC\Ctrl\WaveMng_Ctrl_emC.h">
      <Filter>source_emC\emC_Ctrl</Filter>
    </ClInclude>
    <ClInclude Include="..\..\cpp\emC_Test_ObjectJc\test_ObjectJc_Mutex.h">
      <Filter>test_emC\emC_Test_ObjectJc</Filter>
    </ClInclude>
    <ClInclude Include="..\..\cpp\emC_Test_C_Cpp\test_Cpp_Tpl.h">
      <Filter>test_emC\emC_Test_C_Cpp</Filter>
    </ClInclude>
    <ClInclude Include="..\..\cpp\emC_Test_C_Cpp\test_Cpp_Tpl_priv.h">
      <Filter>test_emC\emC_Test_C_Cpp</Filter>
    </ClInclude>
    <ClInclude Include="..\..\..\main\cpp\src_emC\emC\Ctrl\CalcExpr.h">
      <Filter>source_emC\emC_Ctrl</Filter>
    </ClInclude>
    <ClInclude Include="..\..\..\main\cpp\src_emC\emC\Ctrl\CalcExpr_Parse.h">
      <Filter>source_emC\emC_Ctrl</Filter>
    </ClInclude>
    <ClInclude Include="..\..\..\main\cpp\src_emC\emC\J1c\InfoFormattedAppendJc.h">
      <Filter>source_emC\emC_Jc</Filter>
    </ClInclude>
    <ClInclude Include="..\..\..\main\cpp\src_emC\emC\J1c\SpecialCharStringsJc.h">
      <Filter>source_emC\emC_Jc</Filter>
    </ClInclude>
    <ClInclude Include="..\..\..\main\cpp\src_emC\emC\J1c\StringPartJc.h">
      <Filter>source_emC\emC_J1c</Filter>
    </ClInclude>
    <ClInclude Include="..\..\..\main\cpp\src_emC\emC\J1c\StringPartScanJc.h">
      <Filter>source_emC\emC_J1c</Filter>
    </ClInclude>
    <ClInclude Include="..\..\..\main\cpp\src_emC\emC\J1c\LeapSecondsJc.h">
      <Filter>source_emC\emC_J1c</Filter>
    </ClInclude>
    <ClInclude Include="..\..\..\main\cpp\src_emC\emC\J1c\StringFormatterJc.h">
      <Filter>source_emC\emC_J1c</Filter>
    </ClInclude>
    <ClInclude Include="..\..\..\main\cpp\src_emC\emC\J1c\StringFunctions_BJc.h">
      <Filter>source_emC\emC_J1c</Filter>
    </ClInclude>
    <ClInclude Include="..\..\..\main\cpp\src_emC\emC\J1c\StringFunctions_CJc.h">
      <Filter>source_emC\emC_J1c</Filter>
    </ClInclude>
    <ClInclude Include="..\..\..\main\cpp\src_emC\emC\J1c\StringFunctionsJc.h">
      <Filter>source_emC\emC_J1c</Filter>
    </ClInclude>
    <ClInclude Include="..\..\..\main\cpp\src_emC\emC\Jc\StringBufferJc.h">
      <Filter>source_emC\emC_Jc</Filter>
    </ClInclude>
    <ClInclude Include="..\..\..\main\cpp\src_emC\emC\Jc\StringJc_intern.h">
      <Filter>source_emC\emC_Jc</Filter>
    </ClInclude>
    <ClInclude Include="..\..\cpp\emC_Test_CalcExpr\Calculator_test.h">
      <Filter>test_emC\emC_Test_CalcExpr</Filter>
    </ClInclude>
  </ItemGroup>
  <ItemGroup>
    <None Include="..\..\..\main\cpp\src_emC\emC\Base\MemC_old_emC.#c">
      <Filter>source_emC\emC_Base</Filter>
    </None>
    <None Include="..\..\..\main\cpp\src_emC\emC\Base\MemC_old_emC.#h">
      <Filter>source_emC\emC_Base</Filter>
    </None>
    <None Include="..\..\cpp\emC_Exmpl_Ctrl\genRefl\applstdef_emC.crefl">
      <Filter>test_emC\emC_Exmpl_Ctrl\genRefl</Filter>
    </None>
    <None Include="..\..\cpp\emC_Exmpl_Ctrl\genRefl\emC_Exmpl_Ctrl.refl.bin">
      <Filter>test_emC\emC_Exmpl_Ctrl\genRefl</Filter>
    </None>
    <None Include="..\..\cpp\emC_Exmpl_Ctrl\genRefl\emC_Exmpl_Ctrl.refl.bin.lst">
      <Filter>test_emC\emC_Exmpl_Ctrl\genRefl</Filter>
    </None>
    <None Include="..\..\cpp\emC_Exmpl_Ctrl\genRefl\Test_Ctrl.crefl">
      <Filter>test_emC\emC_Exmpl_Ctrl\genRefl</Filter>
    </None>
    <None Include="..\..\..\main\cpp\src_emC\emC\OSAL\+genRefl_emC_OSAL.jz.bat">
      <Filter>source_emC\emC_OSAL</Filter>
    </None>
    <None Include="..\..\..\main\cpp\src_emC\emC\OSAL\os_ThreadContextInTable.ci">
      <Filter>source_emC\emC_OSAL</Filter>
    </None>
  </ItemGroup>
</Project>